Microsoft Visual Studio Solution File, Format Version 12.00
# Visual Studio Version 17
VisualStudioVersion = 17.5.2.0
MinimumVisualStudioVersion = 10.0.40219.1
Project("{FAE04EC0-301F-11D3-BF4B-00C04F79EFBC}") = "SWDCoreAPI", "SWDCoreAPI.csproj", "{1095E091-A809-93F0-E4DF-35EDF77EE23E}"
EndProject
Global
	GlobalSection(SolutionConfigurationPlatforms) = preSolution
		Debug|Any CPU = Debug|Any CPU
		Release|Any CPU = Release|Any CPU
	EndGlobalSection
	GlobalSection(ProjectConfigurationPlatforms) = postSolution
		{1095E091-A809-93F0-E4DF-35EDF77EE23E}.Debug|Any CPU.ActiveCfg = Debug|Any CPU
		{1095E091-A809-93F0-E4DF-35EDF77EE23E}.Debug|Any CPU.Build.0 = Debug|Any CPU
		{1095E091-A809-93F0-E4DF-35EDF77EE23E}.Release|Any CPU.ActiveCfg = Release|Any CPU
		{1095E091-A809-93F0-E4DF-35EDF77EE23E}.Release|Any CPU.Build.0 = Release|Any CPU
	EndGlobalSection
	GlobalSection(SolutionProperties) = preSolution
		HideSolutionNode = FALSE
	EndGlobalSection
	GlobalSection(ExtensibilityGlobals) = postSolution
		SolutionGuid = {8B4FE84D-1DF2-43F5-8FA7-21C6BDA8B8AB}
	EndGlobalSection
EndGlobal
